// !$*UTF8*$!
{
	archiveVersion = 1;
	classes = {
	};
	objectVersion = 46;
	objects = {

/* Begin PBXBuildFile section */
		555C1ACB1E92B09C00C8EE95 /* AppDelegate.swift in Sources */ = {isa = PBXBuildFile; fileRef = 555C1ACA1E92B09C00C8EE95 /* AppDelegate.swift */; };
		555C1AD01E92B09C00C8EE95 /* Main.storyboard in Resources */ = {isa = PBXBuildFile; fileRef = 555C1ACE1E92B09C00C8EE95 /* Main.storyboard */; };
		555C1AD21E92B09C00C8EE95 /* Assets.xcassets in Resources */ = {isa = PBXBuildFile; fileRef = 555C1AD11E92B09C00C8EE95 /* Assets.xcassets */; };
		555C1AD51E92B09C00C8EE95 /* LaunchScreen.storyboard in Resources */ = {isa = PBXBuildFile; fileRef = 555C1AD31E92B09C00C8EE95 /* LaunchScreen.storyboard */; };
		555C1AE31E92C9C000C8EE95 /* GitHub.swift in Sources */ = {isa = PBXBuildFile; fileRef = 555C1AE21E92C9C000C8EE95 /* GitHub.swift */; };
		555C1AE51E92CA0900C8EE95 /* Credentials.swift in Sources */ = {isa = PBXBuildFile; fileRef = 555C1AE41E92CA0900C8EE95 /* Credentials.swift */; };
		555C1AE71E92CE4F00C8EE95 /* GitHubAuthController.swift in Sources */ = {isa = PBXBuildFile; fileRef = 555C1AE61E92CE4F00C8EE95 /* GitHubAuthController.swift */; };
		555C1AE91E92EC0100C8EE95 /* FoundationExtensions.swift in Sources */ = {isa = PBXBuildFile; fileRef = 555C1AE81E92EC0100C8EE95 /* FoundationExtensions.swift */; };
		55D9BB811E940C150002FF3E /* RepoViewController.swift in Sources */ = {isa = PBXBuildFile; fileRef = 55D9BB801E940C150002FF3E /* RepoViewController.swift */; };
		55D9BB831E940D580002FF3E /* UIExtensions.swift in Sources */ = {isa = PBXBuildFile; fileRef = 55D9BB821E940D580002FF3E /* UIExtensions.swift */; };
		55D9BB851E94195A0002FF3E /* Repository.swift in Sources */ = {isa = PBXBuildFile; fileRef = 55D9BB841E94195A0002FF3E /* Repository.swift */; };
		55D9BB891E9476FD0002FF3E /* RepoTableViewCell.swift in Sources */ = {isa = PBXBuildFile; fileRef = 55D9BB881E9476FD0002FF3E /* RepoTableViewCell.swift */; };
/* End PBXBuildFile section */

/* Begin PBXFileReference section */
		555C1AC71E92B09C00C8EE95 /* GoGoGithub.app */ = {isa = PBXFileReference; explicitFileType = wrapper.application; includeInIndex = 0; path = GoGoGithub.app; sourceTree = BUILT_PRODUCTS_DIR; };
		555C1ACA1E92B09C00C8EE95 /* AppDelegate.swift */ = {isa = PBXFileReference; lastKnownFileType = sourcecode.swift; path = AppDelegate.swift; sourceTree = "<group>"; };
		555C1ACF1E92B09C00C8EE95 /* Base */ = {isa = PBXFileReference; lastKnownFileType = file.storyboard; name = Base; path = Base.lproj/Main.storyboard; sourceTree = "<group>"; };
		555C1AD11E92B09C00C8EE95 /* Assets.xcassets */ = {isa = PBXFileReference; lastKnownFileType = folder.assetcatalog; path = Assets.xcassets; sourceTree = "<group>"; };
		555C1AD41E92B09C00C8EE95 /* Base */ = {isa = PBXFileReference; lastKnownFileType = file.storyboard; name = Base; path = Base.lproj/LaunchScreen.storyboard; sourceTree = "<group>"; };
		555C1AD61E92B09C00C8EE95 /* Info.plist */ = {isa = PBXFileReference; lastKnownFileType = text.plist.xml; path = Info.plist; sourceTree = "<group>"; };
		555C1AE21E92C9C000C8EE95 /* GitHub.swift */ = {isa = PBXFileReference; fileEncoding = 4; lastKnownFileType = sourcecode.swift; path = GitHub.swift; sourceTree = "<group>"; };
		555C1AE41E92CA0900C8EE95 /* Credentials.swift */ = {isa = PBXFileReference; fileEncoding = 4; lastKnownFileType = sourcecode.swift; path = Credentials.swift; sourceTree = "<group>"; };
		555C1AE61E92CE4F00C8EE95 /* GitHubAuthController.swift */ = {isa = PBXFileReference; fileEncoding = 4; lastKnownFileType = sourcecode.swift; path = GitHubAuthController.swift; sourceTree = "<group>"; };
		555C1AE81E92EC0100C8EE95 /* FoundationExtensions.swift */ = {isa = PBXFileReference; fileEncoding = 4; lastKnownFileType = sourcecode.swift; path = FoundationExtensions.swift; sourceTree = "<group>"; };
		55D9BB801E940C150002FF3E /* RepoViewController.swift */ = {isa = PBXFileReference; fileEncoding = 4; lastKnownFileType = sourcecode.swift; path = RepoViewController.swift; sourceTree = "<group>"; };
		55D9BB821E940D580002FF3E /* UIExtensions.swift */ = {isa = PBXFileReference; fileEncoding = 4; lastKnownFileType = sourcecode.swift; path = UIExtensions.swift; sourceTree = "<group>"; };
		55D9BB841E94195A0002FF3E /* Repository.swift */ = {isa = PBXFileReference; fileEncoding = 4; lastKnownFileType = sourcecode.swift; path = Repository.swift; sourceTree = "<group>"; };
		55D9BB881E9476FD0002FF3E /* RepoTableViewCell.swift */ = {isa = PBXFileReference; fileEncoding = 4; lastKnownFileType = sourcecode.swift; path = RepoTableViewCell.swift; sourceTree = "<group>"; };
/* End PBXFileReference section */

/* Begin PBXFrameworksBuildPhase section */
		555C1AC41E92B09C00C8EE95 /* Frameworks */ = {
			isa = PBXFrameworksBuildPhase;
			buildActionMask = 2147483647;
			files = (
			);
			runOnlyForDeploymentPostprocessing = 0;
		};
/* End PBXFrameworksBuildPhase section */

/* Begin PBXGroup section */
		555C1ABE1E92B09C00C8EE95 = {
			isa = PBXGroup;
			children = (
				555C1AC91E92B09C00C8EE95 /* GoGoGithub */,
				555C1AC81E92B09C00C8EE95 /* Products */,
			);
			sourceTree = "<group>";
		};
		555C1AC81E92B09C00C8EE95 /* Products */ = {
			isa = PBXGroup;
			children = (
				555C1AC71E92B09C00C8EE95 /* GoGoGithub.app */,
			);
			name = Products;
			sourceTree = "<group>";
		};
		555C1AC91E92B09C00C8EE95 /* GoGoGithub */ = {
			isa = PBXGroup;
			children = (
				555C1AE11E92C97600C8EE95 /* Model */,
				555C1ADC1E92B24900C8EE95 /* View */,
				555C1ADE1E92B28800C8EE95 /* Controller */,
				55D9BB731E9400B60002FF3E /* Extensions */,
				555C1ADD1E92B27300C8EE95 /* Supporting */,
			);
			path = GoGoGithub;
			sourceTree = "<group>";
		};
		555C1ADC1E92B24900C8EE95 /* View */ = {
			isa = PBXGroup;
			children = (
				555C1ACE1E92B09C00C8EE95 /* Main.storyboard */,
				555C1AD31E92B09C00C8EE95 /* LaunchScreen.storyboard */,
			);
			name = View;
			sourceTree = "<group>";
		};
		555C1ADD1E92B27300C8EE95 /* Supporting */ = {
			isa = PBXGroup;
			children = (
				555C1AE41E92CA0900C8EE95 /* Credentials.swift */,
				555C1ACA1E92B09C00C8EE95 /* AppDelegate.swift */,
				555C1AD11E92B09C00C8EE95 /* Assets.xcassets */,
				555C1AD61E92B09C00C8EE95 /* Info.plist */,
			);
			name = Supporting;
			sourceTree = "<group>";
		};
		555C1ADE1E92B28800C8EE95 /* Controller */ = {
			isa = PBXGroup;
			children = (
				55D9BB801E940C150002FF3E /* RepoViewController.swift */,
				555C1AE61E92CE4F00C8EE95 /* GitHubAuthController.swift */,
			);
			name = Controller;
			sourceTree = "<group>";
		};
		555C1AE11E92C97600C8EE95 /* Model */ = {
			isa = PBXGroup;
			children = (
				55D9BB881E9476FD0002FF3E /* RepoTableViewCell.swift */,
				55D9BB841E94195A0002FF3E /* Repository.swift */,
				555C1AE21E92C9C000C8EE95 /* GitHub.swift */,
			);
			name = Model;
			sourceTree = "<group>";
		};
		55D9BB731E9400B60002FF3E /* Extensions */ = {
			isa = PBXGroup;
			children = (
				55D9BB821E940D580002FF3E /* UIExtensions.swift */,
				555C1AE81E92EC0100C8EE95 /* FoundationExtensions.swift */,
			);
			name = Extensions;
			sourceTree = "<group>";
		};
/* End PBXGroup section */

/* Begin PBXNativeTarget section */
		555C1AC61E92B09C00C8EE95 /* GoGoGithub */ = {
			isa = PBXNativeTarget;
			buildConfigurationList = 555C1AD91E92B09C00C8EE95 /* Build configuration list for PBXNativeTarget "GoGoGithub" */;
			buildPhases = (
				555C1AC31E92B09C00C8EE95 /* Sources */,
				555C1AC41E92B09C00C8EE95 /* Frameworks */,
				555C1AC51E92B09C00C8EE95 /* Resources */,
			);
			buildRules = (
			);
			dependencies = (
			);
			name = GoGoGithub;
			productName = GoGoGithub;
			productReference = 555C1AC71E92B09C00C8EE95 /* GoGoGithub.app */;
			productType = "com.apple.product-type.application";
		};
/* End PBXNativeTarget section */

/* Begin PBXProject section */
		555C1ABF1E92B09C00C8EE95 /* Project object */ = {
			isa = PBXProject;
			attributes = {
				LastSwiftUpdateCheck = 0830;
				LastUpgradeCheck = 0830;
				ORGANIZATIONNAME = "Erica Winberry";
				TargetAttributes = {
					555C1AC61E92B09C00C8EE95 = {
						CreatedOnToolsVersion = 8.3;
						DevelopmentTeam = 4YFWUVNT8L;
						ProvisioningStyle = Automatic;
					};
				};
			};
			buildConfigurationList = 555C1AC21E92B09C00C8EE95 /* Build configuration list for PBXProject "GoGoGithub" */;
			compatibilityVersion = "Xcode 3.2";
			developmentRegion = English;
			hasScannedForEncodings = 0;
			knownRegions = (
				en,
				Base,
			);
			mainGroup = 555C1ABE1E92B09C00C8EE95;
			productRefGroup = 555C1AC81E92B09C00C8EE95 /* Products */;
			projectDirPath = "";
			projectRoot = "";
			targets = (
				555C1AC61E92B09C00C8EE95 /* GoGoGithub */,
			);
		};
/* End PBXProject section */

/* Begin PBXResourcesBuildPhase section */
		555C1AC51E92B09C00C8EE95 /* Resources */ = {
			isa = PBXResourcesBuildPhase;
			buildActionMask = 2147483647;
			files = (
				555C1AD51E92B09C00C8EE95 /* LaunchScreen.storyboard in Resources */,
				555C1AD21E92B09C00C8EE95 /* Assets.xcassets in Resources */,
				555C1AD01E92B09C00C8EE95 /* Main.storyboard in Resources */,
			);
			runOnlyForDeploymentPostprocessing = 0;
		};
/* End PBXResourcesBuildPhase section */

/* Begin PBXSourcesBuildPhase section */
		555C1AC31E92B09C00C8EE95 /* Sources */ = {
			isa = PBXSourcesBuildPhase;
			buildActionMask = 2147483647;
			files = (
				555C1AE31E92C9C000C8EE95 /* GitHub.swift in Sources */,
				55D9BB831E940D580002FF3E /* UIExtensions.swift in Sources */,
				555C1AE91E92EC0100C8EE95 /* FoundationExtensions.swift in Sources */,
				55D9BB851E94195A0002FF3E /* Repository.swift in Sources */,
				55D9BB811E940C150002FF3E /* RepoViewController.swift in Sources */,
				55D9BB891E9476FD0002FF3E /* RepoTableViewCell.swift in Sources */,
				555C1AE51E92CA0900C8EE95 /* Credentials.swift in Sources */,
				555C1AE71E92CE4F00C8EE95 /* GitHubAuthController.swift in Sources */,
				555C1ACB1E92B09C00C8EE95 /* AppDelegate.swift in Sources */,
			);
			runOnlyForDeploymentPostprocessing = 0;
		};
/* End PBXSourcesBuildPhase section */

/* Begin PBXVariantGroup section */
		555C1ACE1E92B09C00C8EE95 /* Main.storyboard */ = {
			isa = PBXVariantGroup;
			children = (
				555C1ACF1E92B09C00C8EE95 /* Base */,
			);
			name = Main.storyboard;
			sourceTree = "<group>";
		};
		555C1AD31E92B09C00C8EE95 /* LaunchScreen.storyboard */ = {
			isa = PBXVariantGroup;
			children = (
				555C1AD41E92B09C00C8EE95 /* Base */,
			);
			name = LaunchScreen.storyboard;
			sourceTree = "<group>";
		};
/* End PBXVariantGroup section */

/* Begin XCBuildConfiguration section */
		555C1AD71E92B09C00C8EE95 /* Debug */ = {
			isa = XCBuildConfiguration;
			buildSettings = {
				ALWAYS_SEARCH_USER_PATHS = NO;
				CLANG_ANALYZER_NONNULL = YES;
				CLANG_ANALYZER_NUMBER_OBJECT_CONVERSION = YES_AGGRESSIVE;
				CLANG_CXX_LANGUAGE_STANDARD = "gnu++0x";
				CLANG_CXX_LIBRARY = "libc++";
				CLANG_ENABLE_MODULES = YES;
				CLANG_ENABLE_OBJC_ARC = YES;
				CLANG_WARN_BOOL_CONVERSION = YES;
				CLANG_WARN_CONSTANT_CONVERSION = YES;
				CLANG_WARN_DIRECT_OBJC_ISA_USAGE = YES_ERROR;
				CLANG_WARN_DOCUMENTATION_COMMENTS = YES;
				CLANG_WARN_EMPTY_BODY = YES;
				CLANG_WARN_ENUM_CONVERSION = YES;
				CLANG_WARN_INFINITE_RECURSION = YES;
				CLANG_WARN_INT_CONVERSION = YES;
				CLANG_WARN_OBJC_ROOT_CLASS = YES_ERROR;
				CLANG_WARN_SUSPICIOUS_MOVE = YES;
				CLANG_WARN_UNREACHABLE_CODE = YES;
				CLANG_WARN__DUPLICATE_METHOD_MATCH = YES;
				"CODE_SIGN_IDENTITY[sdk=iphoneos*]" = "iPhone Developer";
				COPY_PHASE_STRIP = NO;
				DEBUG_INFORMATION_FORMAT = dwarf;
				ENABLE_STRICT_OBJC_MSGSEND = YES;
				ENABLE_TESTABILITY = YES;
				GCC_C_LANGUAGE_STANDARD = gnu99;
				GCC_DYNAMIC_NO_PIC = NO;
				GCC_NO_COMMON_BLOCKS = YES;
				GCC_OPTIMIZATION_LEVEL = 0;
				GCC_PREPROCESSOR_DEFINITIONS = (
					"DEBUG=1",
					"$(inherited)",
				);
				GCC_WARN_64_TO_32_BIT_CONVERSION = YES;
				GCC_WARN_ABOUT_RETURN_TYPE = YES_ERROR;
				GCC_WARN_UNDECLARED_SELECTOR = YES;
				GCC_WARN_UNINITIALIZED_AUTOS = YES_AGGRESSIVE;
				GCC_WARN_UNUSED_FUNCTION = YES;
				GCC_WARN_UNUSED_VARIABLE = YES;
				IPHONEOS_DEPLOYMENT_TARGET = 10.3;
				MTL_ENABLE_DEBUG_INFO = YES;
				ONLY_ACTIVE_ARCH = YES;
				SDKROOT = iphoneos;
				SWIFT_ACTIVE_COMPILATION_CONDITIONS = DEBUG;
				SWIFT_OPTIMIZATION_LEVEL = "-Onone";
				TARGETED_DEVICE_FAMILY = "1,2";
			};
			name = Debug;
		};
		555C1AD81E92B09C00C8EE95 /* Release */ = {
			isa = XCBuildConfiguration;
			buildSettings = {
				ALWAYS_SEARCH_USER_PATHS = NO;
				CLANG_ANALYZER_NONNULL = YES;
				CLANG_ANALYZER_NUMBER_OBJECT_CONVERSION = YES_AGGRESSIVE;
				CLANG_CXX_LANGUAGE_STANDARD = "gnu++0x";
				CLANG_CXX_LIBRARY = "libc++";
				CLANG_ENABLE_MODULES = YES;
				CLANG_ENABLE_OBJC_ARC = YES;
				CLANG_WARN_BOOL_CONVERSION = YES;
				CLANG_WARN_CONSTANT_CONVERSION = YES;
				CLANG_WARN_DIRECT_OBJC_ISA_USAGE = YES_ERROR;
				CLANG_WARN_DOCUMENTATION_COMMENTS = YES;
				CLANG_WARN_EMPTY_BODY = YES;
				CLANG_WARN_ENUM_CONVERSION = YES;
				CLANG_WARN_INFINITE_RECURSION = YES;
				CLANG_WARN_INT_CONVERSION = YES;
				CLANG_WARN_OBJC_ROOT_CLASS = YES_ERROR;
				CLANG_WARN_SUSPICIOUS_MOVE = YES;
				CLANG_WARN_UNREACHABLE_CODE = YES;
				CLANG_WARN__DUPLICATE_METHOD_MATCH = YES;
				"CODE_SIGN_IDENTITY[sdk=iphoneos*]" = "iPhone Developer";
				COPY_PHASE_STRIP = NO;
				DEBUG_INFORMATION_FORMAT = "dwarf-with-dsym";
				ENABLE_NS_ASSERTIONS = NO;
				ENABLE_STRICT_OBJC_MSGSEND = YES;
				GCC_C_LANGUAGE_STANDARD = gnu99;
				GCC_NO_COMMON_BLOCKS = YES;
				GCC_WARN_64_TO_32_BIT_CONVERSION = YES;
				GCC_WARN_ABOUT_RETURN_TYPE = YES_ERROR;
				GCC_WARN_UNDECLARED_SELECTOR = YES;
				GCC_WARN_UNINITIALIZED_AUTOS = YES_AGGRESSIVE;
				GCC_WARN_UNUSED_FUNCTION = YES;
				GCC_WARN_UNUSED_VARIABLE = YES;
				IPHONEOS_DEPLOYMENT_TARGET = 10.3;
				MTL_ENABLE_DEBUG_INFO = NO;
				SDKROOT = iphoneos;
				SWIFT_OPTIMIZATION_LEVEL = "-Owholemodule";
				TARGETED_DEVICE_FAMILY = "1,2";
				VALIDATE_PRODUCT = YES;
			};
			name = Release;
		};
		555C1ADA1E92B09C00C8EE95 /* Debug */ = {
			isa = XCBuildConfiguration;
			buildSettings = {
				ASSETCATALOG_COMPILER_APPICON_NAME = AppIcon;
				DEVELOPMENT_TEAM = 4YFWUVNT8L;
				INFOPLIST_FILE = GoGoGithub/Info.plist;
				LD_RUNPATH_SEARCH_PATHS = "$(inherited) @executable_path/Frameworks";
				PRODUCT_BUNDLE_IDENTIFIER = com.ericawinberry.GoGoGithub;
				PRODUCT_NAME = "$(TARGET_NAME)";
				SWIFT_VERSION = 3.0;
			};
			name = Debug;
		};
		555C1ADB1E92B09C00C8EE95 /* Release */ = {
			isa = XCBuildConfiguration;
			buildSettings = {
				ASSETCATALOG_COMPILER_APPICON_NAME = AppIcon;
				DEVELOPMENT_TEAM = 4YFWUVNT8L;
				INFOPLIST_FILE = GoGoGithub/Info.plist;
				LD_RUNPATH_SEARCH_PATHS = "$(inherited) @executable_path/Frameworks";
				PRODUCT_BUNDLE_IDENTIFIER = com.ericawinberry.GoGoGithub;
				PRODUCT_NAME = "$(TARGET_NAME)";
				SWIFT_VERSION = 3.0;
			};
			name = Release;
		};
/* End XCBuildConfiguration section */

/* Begin XCConfigurationList section */
		555C1AC21E92B09C00C8EE95 /* Build configuration list for PBXProject "GoGoGithub" */ = {
			isa = XCConfigurationList;
			buildConfigurations = (
				555C1AD71E92B09C00C8EE95 /* Debug */,
				555C1AD81E92B09C00C8EE95 /* Release */,
			);
			defaultConfigurationIsVisible = 0;
			defaultConfigurationName = Release;
		};
		555C1AD91E92B09C00C8EE95 /* Build configuration list for PBXNativeTarget "GoGoGithub" */ = {
			isa = XCConfigurationList;
			buildConfigurations = (
				555C1ADA1E92B09C00C8EE95 /* Debug */,
				555C1ADB1E92B09C00C8EE95 /* Release */,
			);
			defaultConfigurationIsVisible = 0;
			defaultConfigurationName = Release;
		};
/* End XCConfigurationList section */
	};
	rootObject = 555C1ABF1E92B09C00C8EE95 /* Project object */;
}
